
Microsoft Visual Studio Solution File, Format Version 12.00
# Visual Studio 15
VisualStudioVersion = 15.0.27130.2010
MinimumVisualStudioVersion = 10.0.40219.1
Project("{FAE04EC0-301F-11D3-BF4B-00C04F79EFBC}") = "WebAppPhotoSiteImages", "WebAppPhotoSite\WebAppPhotoSiteImages.csproj", "{5622567C-BA08-445E-9490-4132721A0B01}"
EndProject
Project("{FAE04EC0-301F-11D3-BF4B-00C04F79EFBC}") = "WebSitePublic", "WebSitePublic\WebSitePublic.csproj", "{A7562DBB-A9D9-4011-9C45-4E29F01BA894}"
EndProject
Project("{FAE04EC0-301F-11D3-BF4B-00C04F79EFBC}") = "Common", "Common\Common.csproj", "{68FB5813-5AD2-4083-AF18-5F24DB999BF0}"
EndProject
Global
	GlobalSection(SolutionConfigurationPlatforms) = preSolution
		Debug|Any CPU = Debug|Any CPU
		Release|Any CPU = Release|Any CPU
	EndGlobalSection
	GlobalSection(ProjectConfigurationPlatforms) = postSolution
		{5622567C-BA08-445E-9490-4132721A0B01}.Debug|Any CPU.ActiveCfg = Debug|Any CPU
		{5622567C-BA08-445E-9490-4132721A0B01}.Debug|Any CPU.Build.0 = Debug|Any CPU
		{5622567C-BA08-445E-9490-4132721A0B01}.Release|Any CPU.ActiveCfg = Release|Any CPU
		{5622567C-BA08-445E-9490-4132721A0B01}.Release|Any CPU.Build.0 = Release|Any CPU
		{A7562DBB-A9D9-4011-9C45-4E29F01BA894}.Debug|Any CPU.ActiveCfg = Debug|Any CPU
		{A7562DBB-A9D9-4011-9C45-4E29F01BA894}.Debug|Any CPU.Build.0 = Debug|Any CPU
		{A7562DBB-A9D9-4011-9C45-4E29F01BA894}.Release|Any CPU.ActiveCfg = Release|Any CPU
		{A7562DBB-A9D9-4011-9C45-4E29F01BA894}.Release|Any CPU.Build.0 = Release|Any CPU
		{68FB5813-5AD2-4083-AF18-5F24DB999BF0}.Debug|Any CPU.ActiveCfg = Debug|Any CPU
		{68FB5813-5AD2-4083-AF18-5F24DB999BF0}.Debug|Any CPU.Build.0 = Debug|Any CPU
		{68FB5813-5AD2-4083-AF18-5F24DB999BF0}.Release|Any CPU.ActiveCfg = Release|Any CPU
		{68FB5813-5AD2-4083-AF18-5F24DB999BF0}.Release|Any CPU.Build.0 = Release|Any CPU
	EndGlobalSection
	GlobalSection(SolutionProperties) = preSolution
		HideSolutionNode = FALSE
	EndGlobalSection
	GlobalSection(ExtensibilityGlobals) = postSolution
		SolutionGuid = {D1F28952-C859-42AC-9FFD-543AD412CF3E}
	EndGlobalSection
EndGlobal
